// !$*UTF8*$!
{
	archiveVersion = 1;
	classes = {
	};
	objectVersion = 48;
	objects = {

/* Begin PBXBuildFile section */
		48B0D8F9BBF0061CB532E6D8 /* Pods_lopetalk2Tests.framework in Frameworks */ = {isa = PBXBuildFile; fileRef = 7082443CFEB55835C96B4507 /* Pods_lopetalk2Tests.framework */; };
		5C33C1F316C8457F280EB59B /* Pods_lopetalk2UITests.framework in Frameworks */ = {isa = PBXBuildFile; fileRef = 5033E7EDB8006F9A4647D592 /* Pods_lopetalk2UITests.framework */; };
		DC6908F73CC0E109B26C3879 /* Pods_lopetalk2.framework in Frameworks */ = {isa = PBXBuildFile; fileRef = 83A8D04716CB3476E881AA32 /* Pods_lopetalk2.framework */; };
		EF0014581FE79B9200D5E992 /* SkyFloatingLabelTextField.framework in Frameworks */ = {isa = PBXBuildFile; fileRef = EF0014591FE79B9200D5E992 /* SkyFloatingLabelTextField.framework */; };
		EF00145B1FE79BA800D5E992 /* ProfileViewController.swift in Sources */ = {isa = PBXBuildFile; fileRef = EF00145A1FE79BA800D5E992 /* ProfileViewController.swift */; };
		EF094CD01FFFB31700FBD7E7 /* ActivityIndicator.swift in Sources */ = {isa = PBXBuildFile; fileRef = EF094CCF1FFFB31700FBD7E7 /* ActivityIndicator.swift */; };
		EF212D161FE8FFBE00EAF5D7 /* LGButton.framework in Frameworks */ = {isa = PBXBuildFile; fileRef = EF212D171FE8FFBE00EAF5D7 /* LGButton.framework */; };
		EF3EF0C81FFE4BA200BB4353 /* Bolts.framework in Frameworks */ = {isa = PBXBuildFile; fileRef = EF3EF0CB1FFE4BA200BB4353 /* Bolts.framework */; };
		EF3EF0C91FFE4BA200BB4353 /* FBSDKCoreKit.framework in Frameworks */ = {isa = PBXBuildFile; fileRef = EF3EF0CC1FFE4BA200BB4353 /* FBSDKCoreKit.framework */; };
		EF3EF0CA1FFE4BA200BB4353 /* FBSDKLoginKit.framework in Frameworks */ = {isa = PBXBuildFile; fileRef = EF3EF0CD1FFE4BA200BB4353 /* FBSDKLoginKit.framework */; };
		EF5672031FE64E11001A2C73 /* SlidingTabBar.framework in Frameworks */ = {isa = PBXBuildFile; fileRef = EF5672041FE64E11001A2C73 /* SlidingTabBar.framework */; };
		EF5672061FE65352001A2C73 /* TabViewControllerBackUp.swift in Sources */ = {isa = PBXBuildFile; fileRef = EF5672051FE65352001A2C73 /* TabViewControllerBackUp.swift */; };
		EF5F353220039C7F006EFDE3 /* AlamofireImage.framework in Frameworks */ = {isa = PBXBuildFile; fileRef = EF5F353320039C7F006EFDE3 /* AlamofireImage.framework */; };
		EF5F353420039C83006EFDE3 /* Alamofire.framework in Frameworks */ = {isa = PBXBuildFile; fileRef = EF5F353520039C83006EFDE3 /* Alamofire.framework */; };
		EF766CD41FE7E0D70019B167 /* KACircleCropCutterView.swift in Sources */ = {isa = PBXBuildFile; fileRef = EF766CD11FE7E0D70019B167 /* KACircleCropCutterView.swift */; };
		EF766CD51FE7E0D70019B167 /* KACircleCropScrollView.swift in Sources */ = {isa = PBXBuildFile; fileRef = EF766CD21FE7E0D70019B167 /* KACircleCropScrollView.swift */; };
		EF766CD61FE7E0D70019B167 /* KACircleCropViewController.swift in Sources */ = {isa = PBXBuildFile; fileRef = EF766CD31FE7E0D70019B167 /* KACircleCropViewController.swift */; };
		EF7C491B1FE8C30E00B83D2E /* SendMessageViewController.swift in Sources */ = {isa = PBXBuildFile; fileRef = EF7C491A1FE8C30E00B83D2E /* SendMessageViewController.swift */; };
		EF7CE5621FE82282006123E4 /* PMAlertController.framework in Frameworks */ = {isa = PBXBuildFile; fileRef = EF7CE5631FE82282006123E4 /* PMAlertController.framework */; };
		EF83636E1FE6C41F00274257 /* Hokusai.framework in Frameworks */ = {isa = PBXBuildFile; fileRef = EF83636F1FE6C41F00274257 /* Hokusai.framework */; };
		EF8363731FE6CB6700274257 /* ActionSheetModel.swift in Sources */ = {isa = PBXBuildFile; fileRef = EF8363721FE6CB6700274257 /* ActionSheetModel.swift */; };
		EF8363751FE6D48B00274257 /* NavigationViewController.swift in Sources */ = {isa = PBXBuildFile; fileRef = EF8363741FE6D48B00274257 /* NavigationViewController.swift */; };
		EF9BB9441FFF981900D47AB1 /* SetupProfileViewController.swift in Sources */ = {isa = PBXBuildFile; fileRef = EF9BB9431FFF981900D47AB1 /* SetupProfileViewController.swift */; };
		EF9BB9461FFFA5A800D47AB1 /* StorageFirebase.swift in Sources */ = {isa = PBXBuildFile; fileRef = EF9BB9451FFFA5A800D47AB1 /* StorageFirebase.swift */; };
		EF9BFDB51FE805F90026FC2A /* BlockListViewController.swift in Sources */ = {isa = PBXBuildFile; fileRef = EF9BFDB41FE805F90026FC2A /* BlockListViewController.swift */; };
		EF9BFDB71FE806F80026FC2A /* BlockListTableViewCell.swift in Sources */ = {isa = PBXBuildFile; fileRef = EF9BFDB61FE806F80026FC2A /* BlockListTableViewCell.swift */; };
		EFB6E4D11FFE2099001E58C2 /* SCLAlertView.framework in Frameworks */ = {isa = PBXBuildFile; fileRef = EFB6E4D21FFE2099001E58C2 /* SCLAlertView.framework */; };
		EFC34A511FE53D880079111B /* AppDelegate.swift in Sources */ = {isa = PBXBuildFile; fileRef = EFC34A501FE53D880079111B /* AppDelegate.swift */; };
		EFC34A531FE53D880079111B /* FriendListViewController.swift in Sources */ = {isa = PBXBuildFile; fileRef = EFC34A521FE53D880079111B /* FriendListViewController.swift */; };
		EFC34A561FE53D880079111B /* Main.storyboard in Resources */ = {isa = PBXBuildFile; fileRef = EFC34A541FE53D880079111B /* Main.storyboard */; };
		EFC34A581FE53D880079111B /* Assets.xcassets in Resources */ = {isa = PBXBuildFile; fileRef = EFC34A571FE53D880079111B /* Assets.xcassets */; };
		EFC34A5B1FE53D880079111B /* LaunchScreen.storyboard in Resources */ = {isa = PBXBuildFile; fileRef = EFC34A591FE53D880079111B /* LaunchScreen.storyboard */; };
		EFC34A661FE53D890079111B /* lopetalk2Tests.swift in Sources */ = {isa = PBXBuildFile; fileRef = EFC34A651FE53D890079111B /* lopetalk2Tests.swift */; };
		EFC34A711FE53D890079111B /* lopetalk2UITests.swift in Sources */ = {isa = PBXBuildFile; fileRef = EFC34A701FE53D890079111B /* lopetalk2UITests.swift */; };
		EFC34A821FE540CE0079111B /* ChatViewController.swift in Sources */ = {isa = PBXBuildFile; fileRef = EFC34A811FE540CE0079111B /* ChatViewController.swift */; };
		EFC34A841FE540D70079111B /* SettingViewController.swift in Sources */ = {isa = PBXBuildFile; fileRef = EFC34A831FE540D70079111B /* SettingViewController.swift */; };
		EFC34A871FE5429E0079111B /* Extension.swift in Sources */ = {isa = PBXBuildFile; fileRef = EFC34A861FE5429E0079111B /* Extension.swift */; };
		EFCA747E1FEA7C2600276323 /* LoginViewController.swift in Sources */ = {isa = PBXBuildFile; fileRef = EFCA747D1FEA7C2600276323 /* LoginViewController.swift */; };
		EFCA74801FEA952E00276323 /* SignUpViewController.swift in Sources */ = {isa = PBXBuildFile; fileRef = EFCA747F1FEA952E00276323 /* SignUpViewController.swift */; };
		EFCC170B1FE7ACFC00560BD6 /* Gallery.framework in Frameworks */ = {isa = PBXBuildFile; fileRef = EFCC170C1FE7ACFC00560BD6 /* Gallery.framework */; };
		EFEF48191FE67F13002E5A33 /* FriendListTableViewCell.swift in Sources */ = {isa = PBXBuildFile; fileRef = EFEF48181FE67F13002E5A33 /* FriendListTableViewCell.swift */; };
		EFEF481B1FE685E8002E5A33 /* HeaderView.swift in Sources */ = {isa = PBXBuildFile; fileRef = EFEF481A1FE685E8002E5A33 /* HeaderView.swift */; };
		EFEF481D1FE6889D002E5A33 /* ChatTableViewCell.swift in Sources */ = {isa = PBXBuildFile; fileRef = EFEF481C1FE6889D002E5A33 /* ChatTableViewCell.swift */; };
		EFEF48221FE6A826002E5A33 /* SettingViewModel.swift in Sources */ = {isa = PBXBuildFile; fileRef = EFEF48211FE6A826002E5A33 /* SettingViewModel.swift */; };
		EFEF48261FE6BEAE002E5A33 /* TabViewController.swift in Sources */ = {isa = PBXBuildFile; fileRef = EFEF48251FE6BEAE002E5A33 /* TabViewController.swift */; };
		EFEF48281FE6C25B002E5A33 /* SettingTableViewCell.swift in Sources */ = {isa = PBXBuildFile; fileRef = EFEF48271FE6C25B002E5A33 /* SettingTableViewCell.swift */; };
		EFF53AC31FFE130E001C285A /* GoogleService-Info.plist in Resources */ = {isa = PBXBuildFile; fileRef = EFF53AC21FFE130D001C285A /* GoogleService-Info.plist */; };
		EFF53AC41FFE130E001C285A /* GoogleService-Info.plist in Resources */ = {isa = PBXBuildFile; fileRef = EFF53AC21FFE130D001C285A /* GoogleService-Info.plist */; };
		EFF53AC51FFE130E001C285A /* GoogleService-Info.plist in Resources */ = {isa = PBXBuildFile; fileRef = EFF53AC21FFE130D001C285A /* GoogleService-Info.plist */; };
		EFFD490E1FFE169700FA03AC /* CurrentUser.swift in Sources */ = {isa = PBXBuildFile; fileRef = EFFD490D1FFE169700FA03AC /* CurrentUser.swift */; };
/* End PBXBuildFile section */

/* Begin PBXContainerItemProxy section */
		EFC34A621FE53D890079111B /* PBXContainerItemProxy */ = {
			isa = PBXContainerItemProxy;
			containerPortal = EFC34A451FE53D880079111B /* Project object */;
			proxyType = 1;
			remoteGlobalIDString = EFC34A4C1FE53D880079111B;
			remoteInfo = lopetalk2;
		};
		EFC34A6D1FE53D890079111B /* PBXContainerItemProxy */ = {
			isa = PBXContainerItemProxy;
			containerPortal = EFC34A451FE53D880079111B /* Project object */;
			proxyType = 1;
			remoteGlobalIDString = EFC34A4C1FE53D880079111B;
			remoteInfo = lopetalk2;
		};
/* End PBXContainerItemProxy section */

/* Begin PBXCopyFilesBuildPhase section */
		EFA85C141FFF895E0014414C /* Embed App Extensions */ = {
			isa = PBXCopyFilesBuildPhase;
			buildActionMask = 2147483647;
			dstPath = "";
			dstSubfolderSpec = 13;
			files = (
			);
			name = "Embed App Extensions";
			runOnlyForDeploymentPostprocessing = 0;
		};
/* End PBXCopyFilesBuildPhase section */

/* Begin PBXFileReference section */
		07190A396C8A30B032FD3DD6 /* Pods-lopetalk2UITests.debug.xcconfig */ = {isa = PBXFileReference; includeInIndex = 1; lastKnownFileType = text.xcconfig; name = "Pods-lopetalk2UITests.debug.xcconfig"; path = "Pods/Target Support Files/Pods-lopetalk2UITests/Pods-lopetalk2UITests.debug.xcconfig"; sourceTree = "<group>"; };
		32247D1A2FE0C278880E1BBF /* Pods_lopetalk2_OneSignalNotificationServiceExtension.framework */ = {isa = PBXFileReference; explicitFileType = wrapper.framework; includeInIndex = 0; path = Pods_lopetalk2_OneSignalNotificationServiceExtension.framework; sourceTree = BUILT_PRODUCTS_DIR; };
		43E75F1873AFFFC4CC1850B6 /* Pods-lopetalk2UITests.release.xcconfig */ = {isa = PBXFileReference; includeInIndex = 1; lastKnownFileType = text.xcconfig; name = "Pods-lopetalk2UITests.release.xcconfig"; path = "Pods/Target Support Files/Pods-lopetalk2UITests/Pods-lopetalk2UITests.release.xcconfig"; sourceTree = "<group>"; };
		5033E7EDB8006F9A4647D592 /* Pods_lopetalk2UITests.framework */ = {isa = PBXFileReference; explicitFileType = wrapper.framework; includeInIndex = 0; path = Pods_lopetalk2UITests.framework; sourceTree = BUILT_PRODUCTS_DIR; };
		5D23D62D30C5614FFA0BD63A /* Pods-lopetalk2.debug.xcconfig */ = {isa = PBXFileReference; includeInIndex = 1; lastKnownFileType = text.xcconfig; name = "Pods-lopetalk2.debug.xcconfig"; path = "Pods/Target Support Files/Pods-lopetalk2/Pods-lopetalk2.debug.xcconfig"; sourceTree = "<group>"; };
		7082443CFEB55835C96B4507 /* Pods_lopetalk2Tests.framework */ = {isa = PBXFileReference; explicitFileType = wrapper.framework; includeInIndex = 0; path = Pods_lopetalk2Tests.framework; sourceTree = BUILT_PRODUCTS_DIR; };
		83A8D04716CB3476E881AA32 /* Pods_lopetalk2.framework */ = {isa = PBXFileReference; explicitFileType = wrapper.framework; includeInIndex = 0; path = Pods_lopetalk2.framework; sourceTree = BUILT_PRODUCTS_DIR; };
		B6481C6055436E0DAFD5E986 /* Pods-lopetalk2.release.xcconfig */ = {isa = PBXFileReference; includeInIndex = 1; lastKnownFileType = text.xcconfig; name = "Pods-lopetalk2.release.xcconfig"; path = "Pods/Target Support Files/Pods-lopetalk2/Pods-lopetalk2.release.xcconfig"; sourceTree = "<group>"; };
		EE8347DC254867492132CBCF /* Pods-lopetalk2Tests.debug.xcconfig */ = {isa = PBXFileReference; includeInIndex = 1; lastKnownFileType = text.xcconfig; name = "Pods-lopetalk2Tests.debug.xcconfig"; path = "Pods/Target Support Files/Pods-lopetalk2Tests/Pods-lopetalk2Tests.debug.xcconfig"; sourceTree = "<group>"; };
		EF0014591FE79B9200D5E992 /* SkyFloatingLabelTextField.framework */ = {isa = PBXFileReference; explicitFileType = wrapper.framework; path = SkyFloatingLabelTextField.framework; sourceTree = BUILT_PRODUCTS_DIR; };
		EF00145A1FE79BA800D5E992 /* ProfileViewController.swift */ = {isa = PBXFileReference; lastKnownFileType = sourcecode.swift; path = ProfileViewController.swift; sourceTree = "<group>"; };
		EF094CCF1FFFB31700FBD7E7 /* ActivityIndicator.swift */ = {isa = PBXFileReference; lastKnownFileType = sourcecode.swift; path = ActivityIndicator.swift; sourceTree = "<group>"; };
		EF1DC0371FFE1EF300D8B138 /* SCLAlertView.framework */ = {isa = PBXFileReference; explicitFileType = wrapper.framework; path = SCLAlertView.framework; sourceTree = BUILT_PRODUCTS_DIR; };
		EF212D171FE8FFBE00EAF5D7 /* LGButton.framework */ = {isa = PBXFileReference; explicitFileType = wrapper.framework; path = LGButton.framework; sourceTree = BUILT_PRODUCTS_DIR; };
		EF3EF0CB1FFE4BA200BB4353 /* Bolts.framework */ = {isa = PBXFileReference; explicitFileType = wrapper.framework; path = Bolts.framework; sourceTree = BUILT_PRODUCTS_DIR; };
		EF3EF0CC1FFE4BA200BB4353 /* FBSDKCoreKit.framework */ = {isa = PBXFileReference; explicitFileType = wrapper.framework; path = FBSDKCoreKit.framework; sourceTree = BUILT_PRODUCTS_DIR; };
		EF3EF0CD1FFE4BA200BB4353 /* FBSDKLoginKit.framework */ = {isa = PBXFileReference; explicitFileType = wrapper.framework; path = FBSDKLoginKit.framework; sourceTree = BUILT_PRODUCTS_DIR; };
		EF5672041FE64E11001A2C73 /* SlidingTabBar.framework */ = {isa = PBXFileReference; explicitFileType = wrapper.framework; path = SlidingTabBar.framework; sourceTree = BUILT_PRODUCTS_DIR; };
		EF5672051FE65352001A2C73 /* TabViewControllerBackUp.swift */ = {isa = PBXFileReference; fileEncoding = 4; lastKnownFileType = sourcecode.swift; path = TabViewControllerBackUp.swift; sourceTree = "<group>"; };
		EF5F353320039C7F006EFDE3 /* AlamofireImage.framework */ = {isa = PBXFileReference; explicitFileType = wrapper.framework; path = AlamofireImage.framework; sourceTree = BUILT_PRODUCTS_DIR; };
		EF5F353520039C83006EFDE3 /* Alamofire.framework */ = {isa = PBXFileReference; explicitFileType = wrapper.framework; path = Alamofire.framework; sourceTree = BUILT_PRODUCTS_DIR; };
		EF766CD11FE7E0D70019B167 /* KACircleCropCutterView.swift */ = {isa = PBXFileReference; fileEncoding = 4; lastKnownFileType = sourcecode.swift; path = KACircleCropCutterView.swift; sourceTree = "<group>"; };
		EF766CD21FE7E0D70019B167 /* KACircleCropScrollView.swift */ = {isa = PBXFileReference; fileEncoding = 4; lastKnownFileType = sourcecode.swift; path = KACircleCropScrollView.swift; sourceTree = "<group>"; };
		EF766CD31FE7E0D70019B167 /* KACircleCropViewController.swift */ = {isa = PBXFileReference; fileEncoding = 4; lastKnownFileType = sourcecode.swift; path = KACircleCropViewController.swift; sourceTree = "<group>"; };
		EF7C491A1FE8C30E00B83D2E /* SendMessageViewController.swift */ = {isa = PBXFileReference; lastKnownFileType = sourcecode.swift; path = SendMessageViewController.swift; sourceTree = "<group>"; };
		EF7CE5631FE82282006123E4 /* PMAlertController.framework */ = {isa = PBXFileReference; explicitFileType = wrapper.framework; path = PMAlertController.framework; sourceTree = BUILT_PRODUCTS_DIR; };
		EF83636F1FE6C41F00274257 /* Hokusai.framework */ = {isa = PBXFileReference; explicitFileType = wrapper.framework; path = Hokusai.framework; sourceTree = BUILT_PRODUCTS_DIR; };
		EF8363721FE6CB6700274257 /* ActionSheetModel.swift */ = {isa = PBXFileReference; lastKnownFileType = sourcecode.swift; path = ActionSheetModel.swift; sourceTree = "<group>"; };
		EF8363741FE6D48B00274257 /* NavigationViewController.swift */ = {isa = PBXFileReference; lastKnownFileType = sourcecode.swift; path = NavigationViewController.swift; sourceTree = "<group>"; };
		EF9AEDF21FFF8AB40027F636 /* lopetalk2.entitlements */ = {isa = PBXFileReference; lastKnownFileType = text.plist.entitlements; path = lopetalk2.entitlements; sourceTree = "<group>"; };
		EF9BB9431FFF981900D47AB1 /* SetupProfileViewController.swift */ = {isa = PBXFileReference; lastKnownFileType = sourcecode.swift; path = SetupProfileViewController.swift; sourceTree = "<group>"; };
		EF9BB9451FFFA5A800D47AB1 /* StorageFirebase.swift */ = {isa = PBXFileReference; lastKnownFileType = sourcecode.swift; path = StorageFirebase.swift; sourceTree = "<group>"; };
		EF9BFDB41FE805F90026FC2A /* BlockListViewController.swift */ = {isa = PBXFileReference; lastKnownFileType = sourcecode.swift; path = BlockListViewController.swift; sourceTree = "<group>"; };
		EF9BFDB61FE806F80026FC2A /* BlockListTableViewCell.swift */ = {isa = PBXFileReference; lastKnownFileType = sourcecode.swift; path = BlockListTableViewCell.swift; sourceTree = "<group>"; };
		EFB6E4D21FFE2099001E58C2 /* SCLAlertView.framework */ = {isa = PBXFileReference; explicitFileType = wrapper.framework; path = SCLAlertView.framework; sourceTree = BUILT_PRODUCTS_DIR; };
		EFB95F3C1FE8FD0B00C39E57 /* LGButton.framework */ = {isa = PBXFileReference; explicitFileType = wrapper.framework; path = LGButton.framework; sourceTree = BUILT_PRODUCTS_DIR; };
		EFC34A4D1FE53D880079111B /* lopetalk2.app */ = {isa = PBXFileReference; explicitFileType = wrapper.application; includeInIndex = 0; path = lopetalk2.app; sourceTree = BUILT_PRODUCTS_DIR; };
		EFC34A501FE53D880079111B /* AppDelegate.swift */ = {isa = PBXFileReference; lastKnownFileType = sourcecode.swift; path = AppDelegate.swift; sourceTree = "<group>"; };
		EFC34A521FE53D880079111B /* FriendListViewController.swift */ = {isa = PBXFileReference; lastKnownFileType = sourcecode.swift; path = FriendListViewController.swift; sourceTree = "<group>"; };
		EFC34A551FE53D880079111B /* Base */ = {isa = PBXFileReference; lastKnownFileType = file.storyboard; name = Base; path = Base.lproj/Main.storyboard; sourceTree = "<group>"; };
		EFC34A571FE53D880079111B /* Assets.xcassets */ = {isa = PBXFileReference; lastKnownFileType = folder.assetcatalog; path = Assets.xcassets; sourceTree = "<group>"; };
		EFC34A5A1FE53D880079111B /* Base */ = {isa = PBXFileReference; lastKnownFileType = file.storyboard; name = Base; path = Base.lproj/LaunchScreen.storyboard; sourceTree = "<group>"; };
		EFC34A5C1FE53D880079111B /* Info.plist */ = {isa = PBXFileReference; lastKnownFileType = text.plist.xml; path = Info.plist; sourceTree = "<group>"; };
		EFC34A611FE53D890079111B /* lopetalk2Tests.xctest */ = {isa = PBXFileReference; explicitFileType = wrapper.cfbundle; includeInIndex = 0; path = lopetalk2Tests.xctest; sourceTree = BUILT_PRODUCTS_DIR; };
		EFC34A651FE53D890079111B /* lopetalk2Tests.swift */ = {isa = PBXFileReference; lastKnownFileType = sourcecode.swift; path = lopetalk2Tests.swift; sourceTree = "<group>"; };
		EFC34A671FE53D890079111B /* Info.plist */ = {isa = PBXFileReference; lastKnownFileType = text.plist.xml; path = Info.plist; sourceTree = "<group>"; };
		EFC34A6C1FE53D890079111B /* lopetalk2UITests.xctest */ = {isa = PBXFileReference; explicitFileType = wrapper.cfbundle; includeInIndex = 0; path = lopetalk2UITests.xctest; sourceTree = BUILT_PRODUCTS_DIR; };
		EFC34A701FE53D890079111B /* lopetalk2UITests.swift */ = {isa = PBXFileReference; lastKnownFileType = sourcecode.swift; path = lopetalk2UITests.swift; sourceTree = "<group>"; };
		EFC34A721FE53D890079111B /* Info.plist */ = {isa = PBXFileReference; lastKnownFileType = text.plist.xml; path = Info.plist; sourceTree = "<group>"; };
		EFC34A811FE540CE0079111B /* ChatViewController.swift */ = {isa = PBXFileReference; lastKnownFileType = sourcecode.swift; path = ChatViewController.swift; sourceTree = "<group>"; };
		EFC34A831FE540D70079111B /* SettingViewController.swift */ = {isa = PBXFileReference; lastKnownFileType = sourcecode.swift; path = SettingViewController.swift; sourceTree = "<group>"; };
		EFC34A861FE5429E0079111B /* Extension.swift */ = {isa = PBXFileReference; lastKnownFileType = sourcecode.swift; path = Extension.swift; sourceTree = "<group>"; };
		EFCA747D1FEA7C2600276323 /* LoginViewController.swift */ = {isa = PBXFileReference; lastKnownFileType = sourcecode.swift; path = LoginViewController.swift; sourceTree = "<group>"; };
		EFCA747F1FEA952E00276323 /* SignUpViewController.swift */ = {isa = PBXFileReference; lastKnownFileType = sourcecode.swift; path = SignUpViewController.swift; sourceTree = "<group>"; };
		EFCC170C1FE7ACFC00560BD6 /* Gallery.framework */ = {isa = PBXFileReference; explicitFileType = wrapper.framework; path = Gallery.framework; sourceTree = BUILT_PRODUCTS_DIR; };
		EFEF47F91FE67845002E5A33 /* SF-Pro-Display-Heavy.otf */ = {isa = PBXFileReference; lastKnownFileType = file; path = "SF-Pro-Display-Heavy.otf"; sourceTree = "<group>"; };
		EFEF47FA1FE67846002E5A33 /* SF-Pro-Display-Ultralight.otf */ = {isa = PBXFileReference; lastKnownFileType = file; path = "SF-Pro-Display-Ultralight.otf"; sourceTree = "<group>"; };
		EFEF47FB1FE67846002E5A33 /* SF-Pro-Display-Medium.otf */ = {isa = PBXFileReference; lastKnownFileType = file; path = "SF-Pro-Display-Medium.otf"; sourceTree = "<group>"; };
		EFEF48011FE67847002E5A33 /* SF-Pro-Display-Regular.otf */ = {isa = PBXFileReference; lastKnownFileType = file; path = "SF-Pro-Display-Regular.otf"; sourceTree = "<group>"; };
		EFEF48021FE67847002E5A33 /* SF-Pro-Display-Bold.otf */ = {isa = PBXFileReference; lastKnownFileType = file; path = "SF-Pro-Display-Bold.otf"; sourceTree = "<group>"; };
		EFEF48041FE67847002E5A33 /* SF-Pro-Text-Light.otf */ = {isa = PBXFileReference; lastKnownFileType = file; path = "SF-Pro-Text-Light.otf"; sourceTree = "<group>"; };
		EFEF48061FE67848002E5A33 /* SF-Pro-Display-Light.otf */ = {isa = PBXFileReference; lastKnownFileType = file; path = "SF-Pro-Display-Light.otf"; sourceTree = "<group>"; };
		EFEF48071FE67848002E5A33 /* SF-Pro-Display-Semibold.otf */ = {isa = PBXFileReference; lastKnownFileType = file; path = "SF-Pro-Display-Semibold.otf"; sourceTree = "<group>"; };
		EFEF48091FE67848002E5A33 /* SF-Pro-Display-Black.otf */ = {isa = PBXFileReference; lastKnownFileType = file; path = "SF-Pro-Display-Black.otf"; sourceTree = "<group>"; };
		EFEF480A1FE67848002E5A33 /* SF-Pro-Display-Thin.otf */ = {isa = PBXFileReference; lastKnownFileType = file; path = "SF-Pro-Display-Thin.otf"; sourceTree = "<group>"; };
		EFEF480E1FE67849002E5A33 /* SF-Pro-Text-Heavy.otf */ = {isa = PBXFileReference; lastKnownFileType = file; path = "SF-Pro-Text-Heavy.otf"; sourceTree = "<group>"; };
		EFEF480F1FE67849002E5A33 /* SF-Pro-Text-Medium.otf */ = {isa = PBXFileReference; lastKnownFileType = file; path = "SF-Pro-Text-Medium.otf"; sourceTree = "<group>"; };
		EFEF48121FE67849002E5A33 /* SF-Pro-Text-Bold.otf */ = {isa = PBXFileReference; lastKnownFileType = file; path = "SF-Pro-Text-Bold.otf"; sourceTree = "<group>"; };
		EFEF48131FE67849002E5A33 /* SF-Pro-Text-Regular.otf */ = {isa = PBXFileReference; lastKnownFileType = file; path = "SF-Pro-Text-Regular.otf"; sourceTree = "<group>"; };
		EFEF48141FE67849002E5A33 /* SF-Pro-Text-Semibold.otf */ = {isa = PBXFileReference; lastKnownFileType = file; path = "SF-Pro-Text-Semibold.otf"; sourceTree = "<group>"; };
		EFEF48181FE67F13002E5A33 /* FriendListTableViewCell.swift */ = {isa = PBXFileReference; lastKnownFileType = sourcecode.swift; path = FriendListTableViewCell.swift; sourceTree = "<group>"; };
		EFEF481A1FE685E8002E5A33 /* HeaderView.swift */ = {isa = PBXFileReference; lastKnownFileType = sourcecode.swift; path = HeaderView.swift; sourceTree = "<group>"; };
		EFEF481C1FE6889D002E5A33 /* ChatTableViewCell.swift */ = {isa = PBXFileReference; lastKnownFileType = sourcecode.swift; path = ChatTableViewCell.swift; sourceTree = "<group>"; };
		EFEF48211FE6A826002E5A33 /* SettingViewModel.swift */ = {isa = PBXFileReference; lastKnownFileType = sourcecode.swift; path = SettingViewModel.swift; sourceTree = "<group>"; };
		EFEF48251FE6BEAE002E5A33 /* TabViewController.swift */ = {isa = PBXFileReference; lastKnownFileType = sourcecode.swift; path = TabViewController.swift; sourceTree = "<group>"; };
		EFEF48271FE6C25B002E5A33 /* SettingTableViewCell.swift */ = {isa = PBXFileReference; lastKnownFileType = sourcecode.swift; path = SettingTableViewCell.swift; sourceTree = "<group>"; };
		EFF53AC21FFE130D001C285A /* GoogleService-Info.plist */ = {isa = PBXFileReference; fileEncoding = 4; lastKnownFileType = text.plist.xml; name = "GoogleService-Info.plist"; path = "../../../../Music/GoogleService-Info.plist"; sourceTree = "<group>"; };
		EFFD490D1FFE169700FA03AC /* CurrentUser.swift */ = {isa = PBXFileReference; lastKnownFileType = sourcecode.swift; path = CurrentUser.swift; sourceTree = "<group>"; };
		F2B051E39C3655744CAC2936 /* Pods-lopetalk2Tests.release.xcconfig */ = {isa = PBXFileReference; includeInIndex = 1; lastKnownFileType = text.xcconfig; name = "Pods-lopetalk2Tests.release.xcconfig"; path = "Pods/Target Support Files/Pods-lopetalk2Tests/Pods-lopetalk2Tests.release.xcconfig"; sourceTree = "<group>"; };
/* End PBXFileReference section */

/* Begin PBXFrameworksBuildPhase section */
		EFC34A4A1FE53D880079111B /* Frameworks */ = {
			isa = PBXFrameworksBuildPhase;
			buildActionMask = 2147483647;
			files = (
				EF5F353420039C83006EFDE3 /* Alamofire.framework in Frameworks */,
				EF5F353220039C7F006EFDE3 /* AlamofireImage.framework in Frameworks */,
				EF3EF0C81FFE4BA200BB4353 /* Bolts.framework in Frameworks */,
				EF3EF0C91FFE4BA200BB4353 /* FBSDKCoreKit.framework in Frameworks */,
				EF3EF0CA1FFE4BA200BB4353 /* FBSDKLoginKit.framework in Frameworks */,
				EFB6E4D11FFE2099001E58C2 /* SCLAlertView.framework in Frameworks */,
				EF212D161FE8FFBE00EAF5D7 /* LGButton.framework in Frameworks */,
				EF7CE5621FE82282006123E4 /* PMAlertController.framework in Frameworks */,
				EFCC170B1FE7ACFC00560BD6 /* Gallery.framework in Frameworks */,
				EF0014581FE79B9200D5E992 /* SkyFloatingLabelTextField.framework in Frameworks */,
				EF83636E1FE6C41F00274257 /* Hokusai.framework in Frameworks */,
				EF5672031FE64E11001A2C73 /* SlidingTabBar.framework in Frameworks */,
				DC6908F73CC0E109B26C3879 /* Pods_lopetalk2.framework in Frameworks */,
			);
			runOnlyForDeploymentPostprocessing = 0;
		};
		EFC34A5E1FE53D890079111B /* Frameworks */ = {
			isa = PBXFrameworksBuildPhase;
			buildActionMask = 2147483647;
			files = (
				48B0D8F9BBF0061CB532E6D8 /* Pods_lopetalk2Tests.framework in Frameworks */,
			);
			runOnlyForDeploymentPostprocessing = 0;
		};
		EFC34A691FE53D890079111B /* Frameworks */ = {
			isa = PBXFrameworksBuildPhase;
			buildActionMask = 2147483647;
			files = (
				5C33C1F316C8457F280EB59B /* Pods_lopetalk2UITests.framework in Frameworks */,
			);
			runOnlyForDeploymentPostprocessing = 0;
		};
/* End PBXFrameworksBuildPhase section */

/* Begin PBXGroup section */
		297F032497CD7A0AA818700A /* Pods */ = {
			isa = PBXGroup;
			children = (
				5D23D62D30C5614FFA0BD63A /* Pods-lopetalk2.debug.xcconfig */,
				B6481C6055436E0DAFD5E986 /* Pods-lopetalk2.release.xcconfig */,
				EE8347DC254867492132CBCF /* Pods-lopetalk2Tests.debug.xcconfig */,
				F2B051E39C3655744CAC2936 /* Pods-lopetalk2Tests.release.xcconfig */,
				07190A396C8A30B032FD3DD6 /* Pods-lopetalk2UITests.debug.xcconfig */,
				43E75F1873AFFFC4CC1850B6 /* Pods-lopetalk2UITests.release.xcconfig */,
			);
			name = Pods;
			sourceTree = "<group>";
		};
		B8EE2BC49BA0D26D0FD47C4C /* Frameworks */ = {
			isa = PBXGroup;
			children = (
				EF5F353520039C83006EFDE3 /* Alamofire.framework */,
				EF5F353320039C7F006EFDE3 /* AlamofireImage.framework */,
				EF3EF0CB1FFE4BA200BB4353 /* Bolts.framework */,
				EF3EF0CC1FFE4BA200BB4353 /* FBSDKCoreKit.framework */,
				EF3EF0CD1FFE4BA200BB4353 /* FBSDKLoginKit.framework */,
				EFB6E4D21FFE2099001E58C2 /* SCLAlertView.framework */,
				EF1DC0371FFE1EF300D8B138 /* SCLAlertView.framework */,
				EF212D171FE8FFBE00EAF5D7 /* LGButton.framework */,
				EFB95F3C1FE8FD0B00C39E57 /* LGButton.framework */,
				EF7CE5631FE82282006123E4 /* PMAlertController.framework */,
				EFCC170C1FE7ACFC00560BD6 /* Gallery.framework */,
				EF0014591FE79B9200D5E992 /* SkyFloatingLabelTextField.framework */,
				EF83636F1FE6C41F00274257 /* Hokusai.framework */,
				EF5672041FE64E11001A2C73 /* SlidingTabBar.framework */,
				83A8D04716CB3476E881AA32 /* Pods_lopetalk2.framework */,
				7082443CFEB55835C96B4507 /* Pods_lopetalk2Tests.framework */,
				5033E7EDB8006F9A4647D592 /* Pods_lopetalk2UITests.framework */,
				32247D1A2FE0C278880E1BBF /* Pods_lopetalk2_OneSignalNotificationServiceExtension.framework */,
			);
			name = Frameworks;
			sourceTree = "<group>";
		};
		EFC34A441FE53D880079111B = {
			isa = PBXGroup;
			children = (
				EFEF47F81FE67837002E5A33 /* Font */,
				EFC34A4F1FE53D880079111B /* lopetalk2 */,
				EFC34A641FE53D890079111B /* lopetalk2Tests */,
				EFC34A6F1FE53D890079111B /* lopetalk2UITests */,
				EFC34A4E1FE53D880079111B /* Products */,
				297F032497CD7A0AA818700A /* Pods */,
				B8EE2BC49BA0D26D0FD47C4C /* Frameworks */,
			);
			sourceTree = "<group>";
		};
		EFC34A4E1FE53D880079111B /* Products */ = {
			isa = PBXGroup;
			children = (
				EFC34A4D1FE53D880079111B /* lopetalk2.app */,
				EFC34A611FE53D890079111B /* lopetalk2Tests.xctest */,
				EFC34A6C1FE53D890079111B /* lopetalk2UITests.xctest */,
			);
			name = Products;
			sourceTree = "<group>";
		};
		EFC34A4F1FE53D880079111B /* lopetalk2 */ = {
			isa = PBXGroup;
			children = (
				EF9AEDF21FFF8AB40027F636 /* lopetalk2.entitlements */,
				EFF53AC21FFE130D001C285A /* GoogleService-Info.plist */,
				EFEF48201FE6A80A002E5A33 /* ViewModel */,
				EFEF48171FE67EFF002E5A33 /* View */,
				EFC34A851FE542850079111B /* Model */,
				EFC34A801FE540650079111B /* Controller */,
				EFC34A541FE53D880079111B /* Main.storyboard */,
				EFC34A571FE53D880079111B /* Assets.xcassets */,
				EFC34A591FE53D880079111B /* LaunchScreen.storyboard */,
				EFC34A5C1FE53D880079111B /* Info.plist */,
			);
			path = lopetalk2;
			sourceTree = "<group>";
		};
		EFC34A641FE53D890079111B /* lopetalk2Tests */ = {
			isa = PBXGroup;
			children = (
				EFC34A651FE53D890079111B /* lopetalk2Tests.swift */,
				EFC34A671FE53D890079111B /* Info.plist */,
			);
			path = lopetalk2Tests;
			sourceTree = "<group>";
		};
		EFC34A6F1FE53D890079111B /* lopetalk2UITests */ = {
			isa = PBXGroup;
			children = (
				EFC34A701FE53D890079111B /* lopetalk2UITests.swift */,
				EFC34A721FE53D890079111B /* Info.plist */,
			);
			path = lopetalk2UITests;
			sourceTree = "<group>";
		};
		EFC34A801FE540650079111B /* Controller */ = {
			isa = PBXGroup;
			children = (
				EFC34A811FE540CE0079111B /* ChatViewController.swift */,
				EF5672051FE65352001A2C73 /* TabViewControllerBackUp.swift */,
				EFC34A521FE53D880079111B /* FriendListViewController.swift */,
				EFC34A831FE540D70079111B /* SettingViewController.swift */,
				EFEF48251FE6BEAE002E5A33 /* TabViewController.swift */,
				EF8363741FE6D48B00274257 /* NavigationViewController.swift */,
				EF00145A1FE79BA800D5E992 /* ProfileViewController.swift */,
				EF9BFDB41FE805F90026FC2A /* BlockListViewController.swift */,
				EF7C491A1FE8C30E00B83D2E /* SendMessageViewController.swift */,
				EFCA747D1FEA7C2600276323 /* LoginViewController.swift */,
				EFCA747F1FEA952E00276323 /* SignUpViewController.swift */,
				EF9BB9431FFF981900D47AB1 /* SetupProfileViewController.swift */,
			);
			path = Controller;
			sourceTree = "<group>";
		};
		EFC34A851FE542850079111B /* Model */ = {
			isa = PBXGroup;
			children = (
				EF766CD11FE7E0D70019B167 /* KACircleCropCutterView.swift */,
				EF766CD21FE7E0D70019B167 /* KACircleCropScrollView.swift */,
				EF766CD31FE7E0D70019B167 /* KACircleCropViewController.swift */,
				EFC34A501FE53D880079111B /* AppDelegate.swift */,
				EFC34A861FE5429E0079111B /* Extension.swift */,
				EFFD490D1FFE169700FA03AC /* CurrentUser.swift */,
				EF9BB9451FFFA5A800D47AB1 /* StorageFirebase.swift */,
			);
			path = Model;
			sourceTree = "<group>";
		};
		EFEF47F81FE67837002E5A33 /* Font */ = {
			isa = PBXGroup;
			children = (
				EFEF48091FE67848002E5A33 /* SF-Pro-Display-Black.otf */,
				EFEF48021FE67847002E5A33 /* SF-Pro-Display-Bold.otf */,
				EFEF47F91FE67845002E5A33 /* SF-Pro-Display-Heavy.otf */,
				EFEF48061FE67848002E5A33 /* SF-Pro-Display-Light.otf */,
				EFEF47FB1FE67846002E5A33 /* SF-Pro-Display-Medium.otf */,
				EFEF48011FE67847002E5A33 /* SF-Pro-Display-Regular.otf */,
				EFEF48071FE67848002E5A33 /* SF-Pro-Display-Semibold.otf */,
				EFEF480A1FE67848002E5A33 /* SF-Pro-Display-Thin.otf */,
				EFEF47FA1FE67846002E5A33 /* SF-Pro-Display-Ultralight.otf */,
				EFEF48121FE67849002E5A33 /* SF-Pro-Text-Bold.otf */,
				EFEF480E1FE67849002E5A33 /* SF-Pro-Text-Heavy.otf */,
				EFEF48041FE67847002E5A33 /* SF-Pro-Text-Light.otf */,
				EFEF480F1FE67849002E5A33 /* SF-Pro-Text-Medium.otf */,
				EFEF48131FE67849002E5A33 /* SF-Pro-Text-Regular.otf */,
				EFEF48141FE67849002E5A33 /* SF-Pro-Text-Semibold.otf */,
			);
			path = Font;
			sourceTree = "<group>";
		};
		EFEF48171FE67EFF002E5A33 /* View */ = {
			isa = PBXGroup;
			children = (
				EFEF48181FE67F13002E5A33 /* FriendListTableViewCell.swift */,
				EFEF481A1FE685E8002E5A33 /* HeaderView.swift */,
				EFEF481C1FE6889D002E5A33 /* ChatTableViewCell.swift */,
				EFEF48271FE6C25B002E5A33 /* SettingTableViewCell.swift */,
				EF9BFDB61FE806F80026FC2A /* BlockListTableViewCell.swift */,
				EF094CCF1FFFB31700FBD7E7 /* ActivityIndicator.swift */,
			);
			path = View;
			sourceTree = "<group>";
		};
		EFEF48201FE6A80A002E5A33 /* ViewModel */ = {
			isa = PBXGroup;
			children = (
				EFEF48211FE6A826002E5A33 /* SettingViewModel.swift */,
				EF8363721FE6CB6700274257 /* ActionSheetModel.swift */,
			);
			path = ViewModel;
			sourceTree = "<group>";
		};
/* End PBXGroup section */

/* Begin PBXNativeTarget section */
		EFC34A4C1FE53D880079111B /* lopetalk2 */ = {
			isa = PBXNativeTarget;
			buildConfigurationList = EFC34A751FE53D890079111B /* Build configuration list for PBXNativeTarget "lopetalk2" */;
			buildPhases = (
				F83C5990273F6C70F5EA9DFE /* [CP] Check Pods Manifest.lock */,
				EFC34A491FE53D880079111B /* Sources */,
				EFC34A4A1FE53D880079111B /* Frameworks */,
				EFC34A4B1FE53D880079111B /* Resources */,
				7071907A96C6C816FA16499D /* [CP] Embed Pods Frameworks */,
				FBDCE1A03F41194C94D83062 /* [CP] Copy Pods Resources */,
				EFA85C141FFF895E0014414C /* Embed App Extensions */,
			);
			buildRules = (
			);
			dependencies = (
			);
			name = lopetalk2;
			productName = lopetalk2;
			productReference = EFC34A4D1FE53D880079111B /* lopetalk2.app */;
			productType = "com.apple.product-type.application";
		};
		EFC34A601FE53D890079111B /* lopetalk2Tests */ = {
			isa = PBXNativeTarget;
			buildConfigurationList = EFC34A781FE53D890079111B /* Build configuration list for PBXNativeTarget "lopetalk2Tests" */;
			buildPhases = (
				F2CCDC6E2B7F00ECC19644A6 /* [CP] Check Pods Manifest.lock */,
				EFC34A5D1FE53D890079111B /* Sources */,
				EFC34A5E1FE53D890079111B /* Frameworks */,
				EFC34A5F1FE53D890079111B /* Resources */,
				4F67BA0B7627448143DBBE71 /* [CP] Embed Pods Frameworks */,
				620496D37EE85B3C1BC3ACF2 /* [CP] Copy Pods Resources */,
			);
			buildRules = (
			);
			dependencies = (
				EFC34A631FE53D890079111B /* PBXTargetDependency */,
			);
			name = lopetalk2Tests;
			productName = lopetalk2Tests;
			productReference = EFC34A611FE53D890079111B /* lopetalk2Tests.xctest */;
			productType = "com.apple.product-type.bundle.unit-test";
		};
		EFC34A6B1FE53D890079111B /* lopetalk2UITests */ = {
			isa = PBXNativeTarget;
			buildConfigurationList = EFC34A7B1FE53D890079111B /* Build configuration list for PBXNativeTarget "lopetalk2UITests" */;
			buildPhases = (
				1C5DD80C6E171DA3430DCF2A /* [CP] Check Pods Manifest.lock */,
				EFC34A681FE53D890079111B /* Sources */,
				EFC34A691FE53D890079111B /* Frameworks */,
				EFC34A6A1FE53D890079111B /* Resources */,
				1CA30A2F897924C349BD2D3A /* [CP] Embed Pods Frameworks */,
				D6C39FD4781F60DDBE499759 /* [CP] Copy Pods Resources */,
			);
			buildRules = (
			);
			dependencies = (
				EFC34A6E1FE53D890079111B /* PBXTargetDependency */,
			);
			name = lopetalk2UITests;
			productName = lopetalk2UITests;
			productReference = EFC34A6C1FE53D890079111B /* lopetalk2UITests.xctest */;
			productType = "com.apple.product-type.bundle.ui-testing";
		};
/* End PBXNativeTarget section */

/* Begin PBXProject section */
		EFC34A451FE53D880079111B /* Project object */ = {
			isa = PBXProject;
			attributes = {
				LastSwiftUpdateCheck = 0920;
				LastUpgradeCheck = 0920;
				ORGANIZATIONNAME = "marky RE";
				TargetAttributes = {
					EFC34A4C1FE53D880079111B = {
						CreatedOnToolsVersion = 9.2;
						ProvisioningStyle = Automatic;
						SystemCapabilities = {
							com.apple.BackgroundModes = {
								enabled = 1;
							};
							com.apple.Push = {
								enabled = 1;
							};
						};
					};
					EFC34A601FE53D890079111B = {
						CreatedOnToolsVersion = 9.2;
						ProvisioningStyle = Automatic;
						TestTargetID = EFC34A4C1FE53D880079111B;
					};
					EFC34A6B1FE53D890079111B = {
						CreatedOnToolsVersion = 9.2;
						ProvisioningStyle = Automatic;
						TestTargetID = EFC34A4C1FE53D880079111B;
					};
				};
			};
			buildConfigurationList = EFC34A481FE53D880079111B /* Build configuration list for PBXProject "lopetalk2" */;
			compatibilityVersion = "Xcode 8.0";
			developmentRegion = en;
			hasScannedForEncodings = 0;
			knownRegions = (
				en,
				Base,
			);
			mainGroup = EFC34A441FE53D880079111B;
			productRefGroup = EFC34A4E1FE53D880079111B /* Products */;
			projectDirPath = "";
			projectRoot = "";
			targets = (
				EFC34A4C1FE53D880079111B /* lopetalk2 */,
				EFC34A601FE53D890079111B /* lopetalk2Tests */,
				EFC34A6B1FE53D890079111B /* lopetalk2UITests */,
			);
		};
/* End PBXProject section */

/* Begin PBXResourcesBuildPhase section */
		EFC34A4B1FE53D880079111B /* Resources */ = {
			isa = PBXResourcesBuildPhase;
			buildActionMask = 2147483647;
			files = (
				EFC34A5B1FE53D880079111B /* LaunchScreen.storyboard in Resources */,
				EFC34A581FE53D880079111B /* Assets.xcassets in Resources */,
				EFF53AC31FFE130E001C285A /* GoogleService-Info.plist in Resources */,
				EFC34A561FE53D880079111B /* Main.storyboard in Resources */,
			);
			runOnlyForDeploymentPostprocessing = 0;
		};
		EFC34A5F1FE53D890079111B /* Resources */ = {
			isa = PBXResourcesBuildPhase;
			buildActionMask = 2147483647;
			files = (
				EFF53AC41FFE130E001C285A /* GoogleService-Info.plist in Resources */,
			);
			runOnlyForDeploymentPostprocessing = 0;
		};
		EFC34A6A1FE53D890079111B /* Resources */ = {
			isa = PBXResourcesBuildPhase;
			buildActionMask = 2147483647;
			files = (
				EFF53AC51FFE130E001C285A /* GoogleService-Info.plist in Resources */,
			);
			runOnlyForDeploymentPostprocessing = 0;
		};
/* End PBXResourcesBuildPhase section */

/* Begin PBXShellScriptBuildPhase section */
		1C5DD80C6E171DA3430DCF2A /* [CP] Check Pods Manifest.lock */ = {
			isa = PBXShellScriptBuildPhase;
			buildActionMask = 2147483647;
			files = (
			);
			inputPaths = (
				"${PODS_PODFILE_DIR_PATH}/Podfile.lock",
				"${PODS_ROOT}/Manifest.lock",
			);
			name = "[CP] Check Pods Manifest.lock";
			outputPaths = (
				"$(DERIVED_FILE_DIR)/Pods-lopetalk2UITests-checkManifestLockResult.txt",
			);
			runOnlyForDeploymentPostprocessing = 0;
			shellPath = /bin/sh;
			shellScript = "diff \"${PODS_PODFILE_DIR_PATH}/Podfile.lock\" \"${PODS_ROOT}/Manifest.lock\" > /dev/null\nif [ $? != 0 ] ; then\n    # print error to STDERR\n    echo \"error: The sandbox is not in sync with the Podfile.lock. Run 'pod install' or update your CocoaPods installation.\" >&2\n    exit 1\nfi\n# This output is used by Xcode 'outputs' to avoid re-running this script phase.\necho \"SUCCESS\" > \"${SCRIPT_OUTPUT_FILE_0}\"\n";
			showEnvVarsInLog = 0;
		};
		1CA30A2F897924C349BD2D3A /* [CP] Embed Pods Frameworks */ = {
			isa = PBXShellScriptBuildPhase;
			buildActionMask = 2147483647;
			files = (
			);
			inputPaths = (
			);
			name = "[CP] Embed Pods Frameworks";
			outputPaths = (
			);
			runOnlyForDeploymentPostprocessing = 0;
			shellPath = /bin/sh;
			shellScript = "\"${SRCROOT}/Pods/Target Support Files/Pods-lopetalk2UITests/Pods-lopetalk2UITests-frameworks.sh\"\n";
			showEnvVarsInLog = 0;
		};
		4F67BA0B7627448143DBBE71 /* [CP] Embed Pods Frameworks */ = {
			isa = PBXShellScriptBuildPhase;
			buildActionMask = 2147483647;
			files = (
			);
			inputPaths = (
			);
			name = "[CP] Embed Pods Frameworks";
			outputPaths = (
			);
			runOnlyForDeploymentPostprocessing = 0;
			shellPath = /bin/sh;
			shellScript = "\"${SRCROOT}/Pods/Target Support Files/Pods-lopetalk2Tests/Pods-lopetalk2Tests-frameworks.sh\"\n";
			showEnvVarsInLog = 0;
		};
		620496D37EE85B3C1BC3ACF2 /* [CP] Copy Pods Resources */ = {
			isa = PBXShellScriptBuildPhase;
			buildActionMask = 2147483647;
			files = (
			);
			inputPaths = (
			);
			name = "[CP] Copy Pods Resources";
			outputPaths = (
			);
			runOnlyForDeploymentPostprocessing = 0;
			shellPath = /bin/sh;
			shellScript = "\"${SRCROOT}/Pods/Target Support Files/Pods-lopetalk2Tests/Pods-lopetalk2Tests-resources.sh\"\n";
			showEnvVarsInLog = 0;
		};
		7071907A96C6C816FA16499D /* [CP] Embed Pods Frameworks */ = {
			isa = PBXShellScriptBuildPhase;
			buildActionMask = 2147483647;
			files = (
			);
			inputPaths = (
				"${SRCROOT}/Pods/Target Support Files/Pods-lopetalk2/Pods-lopetalk2-frameworks.sh",
				"${BUILT_PRODUCTS_DIR}/Alamofire/Alamofire.framework",
				"${BUILT_PRODUCTS_DIR}/AlamofireImage/AlamofireImage.framework",
				"${BUILT_PRODUCTS_DIR}/Bolts/Bolts.framework",
				"${BUILT_PRODUCTS_DIR}/FBSDKCoreKit/FBSDKCoreKit.framework",
				"${BUILT_PRODUCTS_DIR}/FBSDKLoginKit/FBSDKLoginKit.framework",
				"${BUILT_PRODUCTS_DIR}/GTMOAuth2/GTMOAuth2.framework",
				"${BUILT_PRODUCTS_DIR}/GTMSessionFetcher/GTMSessionFetcher.framework",
				"${BUILT_PRODUCTS_DIR}/Gallery/Gallery.framework",
				"${BUILT_PRODUCTS_DIR}/GoogleToolboxForMac/GoogleToolboxForMac.framework",
				"${BUILT_PRODUCTS_DIR}/Hokusai/Hokusai.framework",
				"${BUILT_PRODUCTS_DIR}/LGButton/LGButton.framework",
				"${BUILT_PRODUCTS_DIR}/PMAlertController/PMAlertController.framework",
				"${BUILT_PRODUCTS_DIR}/SCLAlertView/SCLAlertView.framework",
				"${BUILT_PRODUCTS_DIR}/SkyFloatingLabelTextField/SkyFloatingLabelTextField.framework",
				"${BUILT_PRODUCTS_DIR}/SlidingTabBar/SlidingTabBar.framework",
				"${BUILT_PRODUCTS_DIR}/nanopb/nanopb.framework",
			);
			name = "[CP] Embed Pods Frameworks";
			outputPaths = (
				"${TARGET_BUILD_DIR}/${FRAMEWORKS_FOLDER_PATH}/Alamofire.framework",
				"${TARGET_BUILD_DIR}/${FRAMEWORKS_FOLDER_PATH}/AlamofireImage.framework",
				"${TARGET_BUILD_DIR}/${FRAMEWORKS_FOLDER_PATH}/Bolts.framework",
				"${TARGET_BUILD_DIR}/${FRAMEWORKS_FOLDER_PATH}/FBSDKCoreKit.framework",
				"${TARGET_BUILD_DIR}/${FRAMEWORKS_FOLDER_PATH}/FBSDKLoginKit.framework",
				"${TARGET_BUILD_DIR}/${FRAMEWORKS_FOLDER_PATH}/GTMOAuth2.framework",
				"${TARGET_BUILD_DIR}/${FRAMEWORKS_FOLDER_PATH}/GTMSessionFetcher.framework",
				"${TARGET_BUILD_DIR}/${FRAMEWORKS_FOLDER_PATH}/Gallery.framework",
				"${TARGET_BUILD_DIR}/${FRAMEWORKS_FOLDER_PATH}/GoogleToolboxForMac.framework",
				"${TARGET_BUILD_DIR}/${FRAMEWORKS_FOLDER_PATH}/Hokusai.framework",
				"${TARGET_BUILD_DIR}/${FRAMEWORKS_FOLDER_PATH}/LGButton.framework",
				"${TARGET_BUILD_DIR}/${FRAMEWORKS_FOLDER_PATH}/PMAlertController.framework",
				"${TARGET_BUILD_DIR}/${FRAMEWORKS_FOLDER_PATH}/SCLAlertView.framework",
				"${TARGET_BUILD_DIR}/${FRAMEWORKS_FOLDER_PATH}/SkyFloatingLabelTextField.framework",
				"${TARGET_BUILD_DIR}/${FRAMEWORKS_FOLDER_PATH}/SlidingTabBar.framework",
				"${TARGET_BUILD_DIR}/${FRAMEWORKS_FOLDER_PATH}/nanopb.framework",
			);
			runOnlyForDeploymentPostprocessing = 0;
			shellPath = /bin/sh;
			shellScript = "\"${SRCROOT}/Pods/Target Support Files/Pods-lopetalk2/Pods-lopetalk2-frameworks.sh\"\n";
			showEnvVarsInLog = 0;
		};
		D6C39FD4781F60DDBE499759 /* [CP] Copy Pods Resources */ = {
			isa = PBXShellScriptBuildPhase;
			buildActionMask = 2147483647;
			files = (
			);
			inputPaths = (
			);
			name = "[CP] Copy Pods Resources";
			outputPaths = (
			);
			runOnlyForDeploymentPostprocessing = 0;
			shellPath = /bin/sh;
			shellScript = "\"${SRCROOT}/Pods/Target Support Files/Pods-lopetalk2UITests/Pods-lopetalk2UITests-resources.sh\"\n";
			showEnvVarsInLog = 0;
		};
		F2CCDC6E2B7F00ECC19644A6 /* [CP] Check Pods Manifest.lock */ = {
			isa = PBXShellScriptBuildPhase;
			buildActionMask = 2147483647;
			files = (
			);
			inputPaths = (
				"${PODS_PODFILE_DIR_PATH}/Podfile.lock",
				"${PODS_ROOT}/Manifest.lock",
			);
			name = "[CP] Check Pods Manifest.lock";
			outputPaths = (
				"$(DERIVED_FILE_DIR)/Pods-lopetalk2Tests-checkManifestLockResult.txt",
			);
			runOnlyForDeploymentPostprocessing = 0;
			shellPath = /bin/sh;
			shellScript = "diff \"${PODS_PODFILE_DIR_PATH}/Podfile.lock\" \"${PODS_ROOT}/Manifest.lock\" > /dev/null\nif [ $? != 0 ] ; then\n    # print error to STDERR\n    echo \"error: The sandbox is not in sync with the Podfile.lock. Run 'pod install' or update your CocoaPods installation.\" >&2\n    exit 1\nfi\n# This output is used by Xcode 'outputs' to avoid re-running this script phase.\necho \"SUCCESS\" > \"${SCRIPT_OUTPUT_FILE_0}\"\n";
			showEnvVarsInLog = 0;
		};
		F83C5990273F6C70F5EA9DFE /* [CP] Check Pods Manifest.lock */ = {
			isa = PBXShellScriptBuildPhase;
			buildActionMask = 2147483647;
			files = (
			);
			inputPaths = (
				"${PODS_PODFILE_DIR_PATH}/Podfile.lock",
				"${PODS_ROOT}/Manifest.lock",
			);
			name = "[CP] Check Pods Manifest.lock";
			outputPaths = (
				"$(DERIVED_FILE_DIR)/Pods-lopetalk2-checkManifestLockResult.txt",
			);
			runOnlyForDeploymentPostprocessing = 0;
			shellPath = /bin/sh;
			shellScript = "diff \"${PODS_PODFILE_DIR_PATH}/Podfile.lock\" \"${PODS_ROOT}/Manifest.lock\" > /dev/null\nif [ $? != 0 ] ; then\n    # print error to STDERR\n    echo \"error: The sandbox is not in sync with the Podfile.lock. Run 'pod install' or update your CocoaPods installation.\" >&2\n    exit 1\nfi\n# This output is used by Xcode 'outputs' to avoid re-running this script phase.\necho \"SUCCESS\" > \"${SCRIPT_OUTPUT_FILE_0}\"\n";
			showEnvVarsInLog = 0;
		};
		FBDCE1A03F41194C94D83062 /* [CP] Copy Pods Resources */ = {
			isa = PBXShellScriptBuildPhase;
			buildActionMask = 2147483647;
			files = (
			);
			inputPaths = (
				"${SRCROOT}/Pods/Target Support Files/Pods-lopetalk2/Pods-lopetalk2-resources.sh",
				"${PODS_ROOT}/GoogleSignIn/Resources/GoogleSignIn.bundle",
			);
			name = "[CP] Copy Pods Resources";
			outputPaths = (
				"${TARGET_BUILD_DIR}/${UNLOCALIZED_RESOURCES_FOLDER_PATH}",
			);
			runOnlyForDeploymentPostprocessing = 0;
			shellPath = /bin/sh;
			shellScript = "\"${SRCROOT}/Pods/Target Support Files/Pods-lopetalk2/Pods-lopetalk2-resources.sh\"\n";
			showEnvVarsInLog = 0;
		};
/* End PBXShellScriptBuildPhase section */

/* Begin PBXSourcesBuildPhase section */
		EFC34A491FE53D880079111B /* Sources */ = {
			isa = PBXSourcesBuildPhase;
			buildActionMask = 2147483647;
			files = (
				EFEF48261FE6BEAE002E5A33 /* TabViewController.swift in Sources */,
				EF9BFDB71FE806F80026FC2A /* BlockListTableViewCell.swift in Sources */,
				EFCA747E1FEA7C2600276323 /* LoginViewController.swift in Sources */,
				EF5672061FE65352001A2C73 /* TabViewControllerBackUp.swift in Sources */,
				EFC34A841FE540D70079111B /* SettingViewController.swift in Sources */,
				EF9BFDB51FE805F90026FC2A /* BlockListViewController.swift in Sources */,
				EFCA74801FEA952E00276323 /* SignUpViewController.swift in Sources */,
				EFEF48191FE67F13002E5A33 /* FriendListTableViewCell.swift in Sources */,
				EFEF481D1FE6889D002E5A33 /* ChatTableViewCell.swift in Sources */,
				EFC34A531FE53D880079111B /* FriendListViewController.swift in Sources */,
				EFC34A871FE5429E0079111B /* Extension.swift in Sources */,
				EFC34A821FE540CE0079111B /* ChatViewController.swift in Sources */,
				EFEF48281FE6C25B002E5A33 /* SettingTableViewCell.swift in Sources */,
				EF9BB9441FFF981900D47AB1 /* SetupProfileViewController.swift in Sources */,
				EF766CD51FE7E0D70019B167 /* KACircleCropScrollView.swift in Sources */,
				EFEF48221FE6A826002E5A33 /* SettingViewModel.swift in Sources */,
				EF094CD01FFFB31700FBD7E7 /* ActivityIndicator.swift in Sources */,
				EF7C491B1FE8C30E00B83D2E /* SendMessageViewController.swift in Sources */,
				EF8363731FE6CB6700274257 /* ActionSheetModel.swift in Sources */,
				EF766CD41FE7E0D70019B167 /* KACircleCropCutterView.swift in Sources */,
				EFC34A511FE53D880079111B /* AppDelegate.swift in Sources */,
				EF766CD61FE7E0D70019B167 /* KACircleCropViewController.swift in Sources */,
				EF00145B1FE79BA800D5E992 /* ProfileViewController.swift in Sources */,
				EF8363751FE6D48B00274257 /* NavigationViewController.swift in Sources */,
				EFFD490E1FFE169700FA03AC /* CurrentUser.swift in Sources */,
				EFEF481B1FE685E8002E5A33 /* HeaderView.swift in Sources */,
				EF9BB9461FFFA5A800D47AB1 /* StorageFirebase.swift in Sources */,
			);
			runOnlyForDeploymentPostprocessing = 0;
		};
		EFC34A5D1FE53D890079111B /* Sources */ = {
			isa = PBXSourcesBuildPhase;
			buildActionMask = 2147483647;
			files = (
				EFC34A661FE53D890079111B /* lopetalk2Tests.swift in Sources */,
			);
			runOnlyForDeploymentPostprocessing = 0;
		};
		EFC34A681FE53D890079111B /* Sources */ = {
			isa = PBXSourcesBuildPhase;
			buildActionMask = 2147483647;
			files = (
				EFC34A711FE53D890079111B /* lopetalk2UITests.swift in Sources */,
			);
			runOnlyForDeploymentPostprocessing = 0;
		};
/* End PBXSourcesBuildPhase section */

/* Begin PBXTargetDependency section */
		EFC34A631FE53D890079111B /* PBXTargetDependency */ = {
			isa = PBXTargetDependency;
			target = EFC34A4C1FE53D880079111B /* lopetalk2 */;
			targetProxy = EFC34A621FE53D890079111B /* PBXContainerItemProxy */;
		};
		EFC34A6E1FE53D890079111B /* PBXTargetDependency */ = {
			isa = PBXTargetDependency;
			target = EFC34A4C1FE53D880079111B /* lopetalk2 */;
			targetProxy = EFC34A6D1FE53D890079111B /* PBXContainerItemProxy */;
		};
/* End PBXTargetDependency section */

/* Begin PBXVariantGroup section */
		EFC34A541FE53D880079111B /* Main.storyboard */ = {
			isa = PBXVariantGroup;
			children = (
				EFC34A551FE53D880079111B /* Base */,
			);
			name = Main.storyboard;
			sourceTree = "<group>";
		};
		EFC34A591FE53D880079111B /* LaunchScreen.storyboard */ = {
			isa = PBXVariantGroup;
			children = (
				EFC34A5A1FE53D880079111B /* Base */,
			);
			name = LaunchScreen.storyboard;
			sourceTree = "<group>";
		};
/* End PBXVariantGroup section */

/* Begin XCBuildConfiguration section */
		EFC34A731FE53D890079111B /* Debug */ = {
			isa = XCBuildConfiguration;
			buildSettings = {
				ALWAYS_SEARCH_USER_PATHS = NO;
				CLANG_ANALYZER_NONNULL = YES;
				CLANG_ANALYZER_NUMBER_OBJECT_CONVERSION = YES_AGGRESSIVE;
				CLANG_CXX_LANGUAGE_STANDARD = "gnu++14";
				CLANG_CXX_LIBRARY = "libc++";
				CLANG_ENABLE_MODULES = YES;
				CLANG_ENABLE_OBJC_ARC = YES;
				CLANG_WARN_BLOCK_CAPTURE_AUTORELEASING = YES;
				CLANG_WARN_BOOL_CONVERSION = YES;
				CLANG_WARN_COMMA = YES;
				CLANG_WARN_CONSTANT_CONVERSION = YES;
				CLANG_WARN_DIRECT_OBJC_ISA_USAGE = YES_ERROR;
				CLANG_WARN_DOCUMENTATION_COMMENTS = YES;
				CLANG_WARN_EMPTY_BODY = YES;
				CLANG_WARN_ENUM_CONVERSION = YES;
				CLANG_WARN_INFINITE_RECURSION = YES;
				CLANG_WARN_INT_CONVERSION = YES;
				CLANG_WARN_NON_LITERAL_NULL_CONVERSION = YES;
				CLANG_WARN_OBJC_LITERAL_CONVERSION = YES;
				CLANG_WARN_OBJC_ROOT_CLASS = YES_ERROR;
				CLANG_WARN_RANGE_LOOP_ANALYSIS = YES;
				CLANG_WARN_STRICT_PROTOTYPES = YES;
				CLANG_WARN_SUSPICIOUS_MOVE = YES;
				CLANG_WARN_UNGUARDED_AVAILABILITY = YES_AGGRESSIVE;
				CLANG_WARN_UNREACHABLE_CODE = YES;
				CLANG_WARN__DUPLICATE_METHOD_MATCH = YES;
				CODE_SIGN_IDENTITY = "iPhone Developer";
				COPY_PHASE_STRIP = NO;
				DEBUG_INFORMATION_FORMAT = dwarf;
				ENABLE_STRICT_OBJC_MSGSEND = YES;
				ENABLE_TESTABILITY = YES;
				GCC_C_LANGUAGE_STANDARD = gnu11;
				GCC_DYNAMIC_NO_PIC = NO;
				GCC_NO_COMMON_BLOCKS = YES;
				GCC_OPTIMIZATION_LEVEL = 0;
				GCC_PREPROCESSOR_DEFINITIONS = (
					"DEBUG=1",
					"$(inherited)",
				);
				GCC_WARN_64_TO_32_BIT_CONVERSION = YES;
				GCC_WARN_ABOUT_RETURN_TYPE = YES_ERROR;
				GCC_WARN_UNDECLARED_SELECTOR = YES;
				GCC_WARN_UNINITIALIZED_AUTOS = YES_AGGRESSIVE;
				GCC_WARN_UNUSED_FUNCTION = YES;
				GCC_WARN_UNUSED_VARIABLE = YES;
				IPHONEOS_DEPLOYMENT_TARGET = 10.0;
				MTL_ENABLE_DEBUG_INFO = YES;
				ONLY_ACTIVE_ARCH = YES;
				SDKROOT = iphoneos;
				SWIFT_ACTIVE_COMPILATION_CONDITIONS = DEBUG;
				SWIFT_OPTIMIZATION_LEVEL = "-Onone";
			};
			name = Debug;
		};
		EFC34A741FE53D890079111B /* Release */ = {
			isa = XCBuildConfiguration;
			buildSettings = {
				ALWAYS_SEARCH_USER_PATHS = NO;
				CLANG_ANALYZER_NONNULL = YES;
				CLANG_ANALYZER_NUMBER_OBJECT_CONVERSION = YES_AGGRESSIVE;
				CLANG_CXX_LANGUAGE_STANDARD = "gnu++14";
				CLANG_CXX_LIBRARY = "libc++";
				CLANG_ENABLE_MODULES = YES;
				CLANG_ENABLE_OBJC_ARC = YES;
				CLANG_WARN_BLOCK_CAPTURE_AUTORELEASING = YES;
				CLANG_WARN_BOOL_CONVERSION = YES;
				CLANG_WARN_COMMA = YES;
				CLANG_WARN_CONSTANT_CONVERSION = YES;
				CLANG_WARN_DIRECT_OBJC_ISA_USAGE = YES_ERROR;
				CLANG_WARN_DOCUMENTATION_COMMENTS = YES;
				CLANG_WARN_EMPTY_BODY = YES;
				CLANG_WARN_ENUM_CONVERSION = YES;
				CLANG_WARN_INFINITE_RECURSION = YES;
				CLANG_WARN_INT_CONVERSION = YES;
				CLANG_WARN_NON_LITERAL_NULL_CONVERSION = YES;
				CLANG_WARN_OBJC_LITERAL_CONVERSION = YES;
				CLANG_WARN_OBJC_ROOT_CLASS = YES_ERROR;
				CLANG_WARN_RANGE_LOOP_ANALYSIS = YES;
				CLANG_WARN_STRICT_PROTOTYPES = YES;
				CLANG_WARN_SUSPICIOUS_MOVE = YES;
				CLANG_WARN_UNGUARDED_AVAILABILITY = YES_AGGRESSIVE;
				CLANG_WARN_UNREACHABLE_CODE = YES;
				CLANG_WARN__DUPLICATE_METHOD_MATCH = YES;
				CODE_SIGN_IDENTITY = "iPhone Developer";
				COPY_PHASE_STRIP = NO;
				DEBUG_INFORMATION_FORMAT = "dwarf-with-dsym";
				ENABLE_NS_ASSERTIONS = NO;
				ENABLE_STRICT_OBJC_MSGSEND = YES;
				GCC_C_LANGUAGE_STANDARD = gnu11;
				GCC_NO_COMMON_BLOCKS = YES;
				GCC_WARN_64_TO_32_BIT_CONVERSION = YES;
				GCC_WARN_ABOUT_RETURN_TYPE = YES_ERROR;
				GCC_WARN_UNDECLARED_SELECTOR = YES;
				GCC_WARN_UNINITIALIZED_AUTOS = YES_AGGRESSIVE;
				GCC_WARN_UNUSED_FUNCTION = YES;
				GCC_WARN_UNUSED_VARIABLE = YES;
				IPHONEOS_DEPLOYMENT_TARGET = 10.0;
				MTL_ENABLE_DEBUG_INFO = NO;
				SDKROOT = iphoneos;
				SWIFT_OPTIMIZATION_LEVEL = "-Owholemodule";
				VALIDATE_PRODUCT = YES;
			};
			name = Release;
		};
		EFC34A761FE53D890079111B /* Debug */ = {
			isa = XCBuildConfiguration;
			baseConfigurationReference = 5D23D62D30C5614FFA0BD63A /* Pods-lopetalk2.debug.xcconfig */;
			buildSettings = {
				ASSETCATALOG_COMPILER_APPICON_NAME = AppIcon;
				CODE_SIGN_ENTITLEMENTS = lopetalk2/lopetalk2.entitlements;
				CODE_SIGN_STYLE = Automatic;
				DEVELOPMENT_TEAM = 877839YT4B;
				INFOPLIST_FILE = lopetalk2/Info.plist;
				IPHONEOS_DEPLOYMENT_TARGET = 9.0;
				LD_RUNPATH_SEARCH_PATHS = "$(inherited) @executable_path/Frameworks";
				PRODUCT_BUNDLE_IDENTIFIER = com.stella.lopetalk2;
				PRODUCT_NAME = "$(TARGET_NAME)";
				SWIFT_VERSION = 4.0;
				TARGETED_DEVICE_FAMILY = 1;
			};
			name = Debug;
		};
		EFC34A771FE53D890079111B /* Release */ = {
			isa = XCBuildConfiguration;
			baseConfigurationReference = B6481C6055436E0DAFD5E986 /* Pods-lopetalk2.release.xcconfig */;
			buildSettings = {
				ASSETCATALOG_COMPILER_APPICON_NAME = AppIcon;
				CODE_SIGN_ENTITLEMENTS = lopetalk2/lopetalk2.entitlements;
				CODE_SIGN_STYLE = Automatic;
				DEVELOPMENT_TEAM = 877839YT4B;
				INFOPLIST_FILE = lopetalk2/Info.plist;
				IPHONEOS_DEPLOYMENT_TARGET = 9.0;
				LD_RUNPATH_SEARCH_PATHS = "$(inherited) @executable_path/Frameworks";
				PRODUCT_BUNDLE_IDENTIFIER = com.stella.lopetalk2;
				PRODUCT_NAME = "$(TARGET_NAME)";
				SWIFT_VERSION = 4.0;
				TARGETED_DEVICE_FAMILY = 1;
			};
			name = Release;
		};
		EFC34A791FE53D890079111B /* Debug */ = {
			isa = XCBuildConfiguration;
			baseConfigurationReference = EE8347DC254867492132CBCF /* Pods-lopetalk2Tests.debug.xcconfig */;
			buildSettings = {
				ALWAYS_EMBED_SWIFT_STANDARD_LIBRARIES = YES;
				BUNDLE_LOADER = "$(TEST_HOST)";
				CODE_SIGN_STYLE = Automatic;
				DEVELOPMENT_TEAM = 877839YT4B;
				INFOPLIST_FILE = lopetalk2Tests/Info.plist;
				LD_RUNPATH_SEARCH_PATHS = "$(inherited) @executable_path/Frameworks @loader_path/Frameworks";
				PRODUCT_BUNDLE_IDENTIFIER = com.stella.lopetalk2Tests;
				PRODUCT_NAME = "$(TARGET_NAME)";
				SWIFT_VERSION = 4.0;
				TARGETED_DEVICE_FAMILY = "1,2";
				TEST_HOST = "$(BUILT_PRODUCTS_DIR)/lopetalk2.app/lopetalk2";
			};
			name = Debug;
		};
		EFC34A7A1FE53D890079111B /* Release */ = {
			isa = XCBuildConfiguration;
			baseConfigurationReference = F2B051E39C3655744CAC2936 /* Pods-lopetalk2Tests.release.xcconfig */;
			buildSettings = {
				ALWAYS_EMBED_SWIFT_STANDARD_LIBRARIES = YES;
				BUNDLE_LOADER = "$(TEST_HOST)";
				CODE_SIGN_STYLE = Automatic;
				DEVELOPMENT_TEAM = 877839YT4B;
				INFOPLIST_FILE = lopetalk2Tests/Info.plist;
				LD_RUNPATH_SEARCH_PATHS = "$(inherited) @executable_path/Frameworks @loader_path/Frameworks";
				PRODUCT_BUNDLE_IDENTIFIER = com.stella.lopetalk2Tests;
				PRODUCT_NAME = "$(TARGET_NAME)";
				SWIFT_VERSION = 4.0;
				TARGETED_DEVICE_FAMILY = "1,2";
				TEST_HOST = "$(BUILT_PRODUCTS_DIR)/lopetalk2.app/lopetalk2";
			};
			name = Release;
		};
		EFC34A7C1FE53D890079111B /* Debug */ = {
			isa = XCBuildConfiguration;
			baseConfigurationReference = 07190A396C8A30B032FD3DD6 /* Pods-lopetalk2UITests.debug.xcconfig */;
			buildSettings = {
				ALWAYS_EMBED_SWIFT_STANDARD_LIBRARIES = YES;
				CODE_SIGN_STYLE = Automatic;
				DEVELOPMENT_TEAM = 877839YT4B;
				INFOPLIST_FILE = lopetalk2UITests/Info.plist;
				LD_RUNPATH_SEARCH_PATHS = "$(inherited) @executable_path/Frameworks @loader_path/Frameworks";
				PRODUCT_BUNDLE_IDENTIFIER = com.stella.lopetalk2UITests;
				PRODUCT_NAME = "$(TARGET_NAME)";
				SWIFT_VERSION = 4.0;
				TARGETED_DEVICE_FAMILY = "1,2";
				TEST_TARGET_NAME = lopetalk2;
			};
			name = Debug;
		};
		EFC34A7D1FE53D890079111B /* Release */ = {
			isa = XCBuildConfiguration;
			baseConfigurationReference = 43E75F1873AFFFC4CC1850B6 /* Pods-lopetalk2UITests.release.xcconfig */;
			buildSettings = {
				ALWAYS_EMBED_SWIFT_STANDARD_LIBRARIES = YES;
				CODE_SIGN_STYLE = Automatic;
				DEVELOPMENT_TEAM = 877839YT4B;
				INFOPLIST_FILE = lopetalk2UITests/Info.plist;
				LD_RUNPATH_SEARCH_PATHS = "$(inherited) @executable_path/Frameworks @loader_path/Frameworks";
				PRODUCT_BUNDLE_IDENTIFIER = com.stella.lopetalk2UITests;
				PRODUCT_NAME = "$(TARGET_NAME)";
				SWIFT_VERSION = 4.0;
				TARGETED_DEVICE_FAMILY = "1,2";
				TEST_TARGET_NAME = lopetalk2;
			};
			name = Release;
		};
/* End XCBuildConfiguration section */

/* Begin XCConfigurationList section */
		EFC34A481FE53D880079111B /* Build configuration list for PBXProject "lopetalk2" */ = {
			isa = XCConfigurationList;
			buildConfigurations = (
				EFC34A731FE53D890079111B /* Debug */,
				EFC34A741FE53D890079111B /* Release */,
			);
			defaultConfigurationIsVisible = 0;
			defaultConfigurationName = Release;
		};
		EFC34A751FE53D890079111B /* Build configuration list for PBXNativeTarget "lopetalk2" */ = {
			isa = XCConfigurationList;
			buildConfigurations = (
				EFC34A761FE53D890079111B /* Debug */,
				EFC34A771FE53D890079111B /* Release */,
			);
			defaultConfigurationIsVisible = 0;
			defaultConfigurationName = Release;
		};
		EFC34A781FE53D890079111B /* Build configuration list for PBXNativeTarget "lopetalk2Tests" */ = {
			isa = XCConfigurationList;
			buildConfigurations = (
				EFC34A791FE53D890079111B /* Debug */,
				EFC34A7A1FE53D890079111B /* Release */,
			);
			defaultConfigurationIsVisible = 0;
			defaultConfigurationName = Release;
		};
		EFC34A7B1FE53D890079111B /* Build configuration list for PBXNativeTarget "lopetalk2UITests" */ = {
			isa = XCConfigurationList;
			buildConfigurations = (
				EFC34A7C1FE53D890079111B /* Debug */,
				EFC34A7D1FE53D890079111B /* Release */,
			);
			defaultConfigurationIsVisible = 0;
			defaultConfigurationName = Release;
		};
/* End XCConfigurationList section */
	};
	rootObject = EFC34A451FE53D880079111B /* Project object */;
}
